
Microsoft Visual Studio Solution File, Format Version 12.00
# Visual Studio Version 17
VisualStudioVersion = 17.5.33103.201
MinimumVisualStudioVersion = 10.0.40219.1
Project("{FAE04EC0-301F-11D3-BF4B-00C04F79EFBC}") = "SiteNinja", "SiteNinja\SiteNinja.csproj", "{B3C62FA2-5296-469D-BADD-38E896C697CE}"
EndProject
Project("{FAE04EC0-301F-11D3-BF4B-00C04F79EFBC}") = "SiteNinja.UnitTests", "SiteNinja.UnitTests\SiteNinja.UnitTests.csproj", "{0C55EBBD-6C6B-4B81-8F5E-78CB2DDCFC4D}"
EndProject
Global
	GlobalSection(SolutionConfigurationPlatforms) = preSolution
		Debug|Any CPU = Debug|Any CPU
		Release|Any CPU = Release|Any CPU
	EndGlobalSection
	GlobalSection(ProjectConfigurationPlatforms) = postSolution
		{B3C62FA2-5296-469D-BADD-38E896C697CE}.Debug|Any CPU.ActiveCfg = Debug|Any CPU
		{B3C62FA2-5296-469D-BADD-38E896C697CE}.Debug|Any CPU.Build.0 = Debug|Any CPU
		{B3C62FA2-5296-469D-BADD-38E896C697CE}.Release|Any CPU.ActiveCfg = Release|Any CPU
		{B3C62FA2-5296-469D-BADD-38E896C697CE}.Release|Any CPU.Build.0 = Release|Any CPU
		{0C55EBBD-6C6B-4B81-8F5E-78CB2DDCFC4D}.Debug|Any CPU.ActiveCfg = Debug|Any CPU
		{0C55EBBD-6C6B-4B81-8F5E-78CB2DDCFC4D}.Debug|Any CPU.Build.0 = Debug|Any CPU
		{0C55EBBD-6C6B-4B81-8F5E-78CB2DDCFC4D}.Release|Any CPU.ActiveCfg = Release|Any CPU
		{0C55EBBD-6C6B-4B81-8F5E-78CB2DDCFC4D}.Release|Any CPU.Build.0 = Release|Any CPU
	EndGlobalSection
	GlobalSection(SolutionProperties) = preSolution
		HideSolutionNode = FALSE
	EndGlobalSection
	GlobalSection(ExtensibilityGlobals) = postSolution
		SolutionGuid = {2B93595B-4847-4AE4-9A33-60CF6B617DC2}
	EndGlobalSection
EndGlobal
